
Microsoft Visual Studio Solution File, Format Version 12.00
# Visual Studio Version 16
VisualStudioVersion = 16.0.32630.194
MinimumVisualStudioVersion = 10.0.40219.1
Project("{9A19103F-16F7-4668-BE54-9A1E7A4F7556}") = "OGOO-CODE", "OGOO-CODE\OGOO-CODE.csproj", "{8CC22DD4-10F3-4CFD-AC48-4E649BAFEED1}"
EndProject
Project("{2150E333-8FDC-42A3-9474-1A3956D46DE8}") = "Solution Items", "Solution Items", "{F5D1E455-26CF-43CF-ABD5-3EA56C9E69B4}"
	ProjectSection(SolutionItems) = preProject
		Build.cs = Build.cs
		Position.cs = Position.cs
	EndProjectSection
EndProject
Global
	GlobalSection(SolutionConfigurationPlatforms) = preSolution
		Debug|Any CPU = Debug|Any CPU
		Release|Any CPU = Release|Any CPU
	EndGlobalSection
	GlobalSection(ProjectConfigurationPlatforms) = postSolution
		{8CC22DD4-10F3-4CFD-AC48-4E649BAFEED1}.Debug|Any CPU.ActiveCfg = Debug|Any CPU
		{8CC22DD4-10F3-4CFD-AC48-4E649BAFEED1}.Debug|Any CPU.Build.0 = Debug|Any CPU
		{8CC22DD4-10F3-4CFD-AC48-4E649BAFEED1}.Release|Any CPU.ActiveCfg = Release|Any CPU
		{8CC22DD4-10F3-4CFD-AC48-4E649BAFEED1}.Release|Any CPU.Build.0 = Release|Any CPU
	EndGlobalSection
	GlobalSection(SolutionProperties) = preSolution
		HideSolutionNode = FALSE
	EndGlobalSection
	GlobalSection(ExtensibilityGlobals) = postSolution
		SolutionGuid = {4019E43E-398A-47B2-87D0-9A831425BCFE}
	EndGlobalSection
EndGlobal
